# This file was autogenerated by Stack.
# You should not edit this file by hand.
# For more information, please see the documentation at:
#   https://docs.haskellstack.org/en/stable/lock_files

packages:
- completed:
    hackage: base-noprelude-4.12.0.0@sha256:dcd5ece10257f79fa16e207d558b31ab3467b205adae5d1976abdee28b1c8b4a,6845
    pantry-tree:
      size: 158
      sha256: 1e4118716a2078385341d7df2f876b616744c3a8f945247766e60f48e32b3d1d
  original:
    hackage: base-noprelude-4.12.0.0
snapshots:
- completed:
    size: 524996
    url: https://raw.githubusercontent.com/commercialhaskell/stackage-snapshots/master/lts/14/27.yaml
    sha256: 7ea31a280c56bf36ff591a7397cc384d0dff622e7f9e4225b47d8980f019a0f0
  original: lts-14.27
